// !$*UTF8*$!
{
	archiveVersion = 1;
	classes = {
	};
	objectVersion = 46;
	objects = {

/* Begin PBXBuildFile section */
		5A20489F1D2E2CB800FBF9B8 /* main.m in Sources */ = {isa = PBXBuildFile; fileRef = 5A20489E1D2E2CB800FBF9B8 /* main.m */; };
		5A2048A21D2E2CB800FBF9B8 /* AppDelegate.m in Sources */ = {isa = PBXBuildFile; fileRef = 5A2048A11D2E2CB800FBF9B8 /* AppDelegate.m */; };
		5A2048A51D2E2CB800FBF9B8 /* ViewController.m in Sources */ = {isa = PBXBuildFile; fileRef = 5A2048A41D2E2CB800FBF9B8 /* ViewController.m */; };
		5A2048A81D2E2CB800FBF9B8 /* Main.storyboard in Resources */ = {isa = PBXBuildFile; fileRef = 5A2048A61D2E2CB800FBF9B8 /* Main.storyboard */; };
		5A2048AA1D2E2CB800FBF9B8 /* Assets.xcassets in Resources */ = {isa = PBXBuildFile; fileRef = 5A2048A91D2E2CB800FBF9B8 /* Assets.xcassets */; };
		5A2048AD1D2E2CB800FBF9B8 /* LaunchScreen.storyboard in Resources */ = {isa = PBXBuildFile; fileRef = 5A2048AB1D2E2CB800FBF9B8 /* LaunchScreen.storyboard */; };
		5A2048B81D2E2CB800FBF9B8 /* RuntimeSimpleTests.m in Sources */ = {isa = PBXBuildFile; fileRef = 5A2048B71D2E2CB800FBF9B8 /* RuntimeSimpleTests.m */; };
		5A2048C31D2E2CB800FBF9B8 /* RuntimeSimpleUITests.m in Sources */ = {isa = PBXBuildFile; fileRef = 5A2048C21D2E2CB800FBF9B8 /* RuntimeSimpleUITests.m */; };
		5A2048D11D2E2E6800FBF9B8 /* red0.JPG in Resources */ = {isa = PBXBuildFile; fileRef = 5A2048D01D2E2E6800FBF9B8 /* red0.JPG */; };
		5A2048D41D2E352100FBF9B8 /* GetPersonController.m in Sources */ = {isa = PBXBuildFile; fileRef = 5A2048D31D2E352100FBF9B8 /* GetPersonController.m */; };
		5A2048D81D2E366800FBF9B8 /* Person.m in Sources */ = {isa = PBXBuildFile; fileRef = 5A2048D71D2E366800FBF9B8 /* Person.m */; };
		5A2048DE1D2E55CB00FBF9B8 /* MethodController.m in Sources */ = {isa = PBXBuildFile; fileRef = 5A2048DD1D2E55CB00FBF9B8 /* MethodController.m */; };
		5A2048E11D2F77BC00FBF9B8 /* Model.m in Sources */ = {isa = PBXBuildFile; fileRef = 5A2048E01D2F77BC00FBF9B8 /* Model.m */; };
		5A2048E41D2F7BD400FBF9B8 /* EcoderViewController.m in Sources */ = {isa = PBXBuildFile; fileRef = 5A2048E31D2F7BD400FBF9B8 /* EcoderViewController.m */; };
		5A2048E91D2FA17300FBF9B8 /* Tool.m in Sources */ = {isa = PBXBuildFile; fileRef = 5A2048E61D2FA17300FBF9B8 /* Tool.m */; };
		5A2048EA1D2FA17300FBF9B8 /* UIButton+count.m in Sources */ = {isa = PBXBuildFile; fileRef = 5A2048E81D2FA17300FBF9B8 /* UIButton+count.m */; };
		5A2048ED1D2FA18D00FBF9B8 /* ButtonCountViewController.m in Sources */ = {isa = PBXBuildFile; fileRef = 5A2048EC1D2FA18D00FBF9B8 /* ButtonCountViewController.m */; };
		5A2048F01D332DAF00FBF9B8 /* UIButton+LP.m in Sources */ = {isa = PBXBuildFile; fileRef = 5A2048EF1D332DAF00FBF9B8 /* UIButton+LP.m */; };
/* End PBXBuildFile section */

/* Begin PBXContainerItemProxy section */
		5A2048B41D2E2CB800FBF9B8 /* PBXContainerItemProxy */ = {
			isa = PBXContainerItemProxy;
			containerPortal = 5A2048921D2E2CB800FBF9B8 /* Project object */;
			proxyType = 1;
			remoteGlobalIDString = 5A2048991D2E2CB800FBF9B8;
			remoteInfo = RuntimeSimple;
		};
		5A2048BF1D2E2CB800FBF9B8 /* PBXContainerItemProxy */ = {
			isa = PBXContainerItemProxy;
			containerPortal = 5A2048921D2E2CB800FBF9B8 /* Project object */;
			proxyType = 1;
			remoteGlobalIDString = 5A2048991D2E2CB800FBF9B8;
			remoteInfo = RuntimeSimple;
		};
/* End PBXContainerItemProxy section */

/* Begin PBXFileReference section */
		5A20489A1D2E2CB800FBF9B8 /* RuntimeSimple.app */ = {isa = PBXFileReference; explicitFileType = wrapper.application; includeInIndex = 0; path = RuntimeSimple.app; sourceTree = BUILT_PRODUCTS_DIR; };
		5A20489E1D2E2CB800FBF9B8 /* main.m */ = {isa = PBXFileReference; lastKnownFileType = sourcecode.c.objc; path = main.m; sourceTree = "<group>"; };
		5A2048A01D2E2CB800FBF9B8 /* AppDelegate.h */ = {isa = PBXFileReference; lastKnownFileType = sourcecode.c.h; path = AppDelegate.h; sourceTree = "<group>"; };
		5A2048A11D2E2CB800FBF9B8 /* AppDelegate.m */ = {isa = PBXFileReference; lastKnownFileType = sourcecode.c.objc; path = AppDelegate.m; sourceTree = "<group>"; };
		5A2048A31D2E2CB800FBF9B8 /* ViewController.h */ = {isa = PBXFileReference; lastKnownFileType = sourcecode.c.h; path = ViewController.h; sourceTree = "<group>"; };
		5A2048A41D2E2CB800FBF9B8 /* ViewController.m */ = {isa = PBXFileReference; lastKnownFileType = sourcecode.c.objc; path = ViewController.m; sourceTree = "<group>"; };
		5A2048A71D2E2CB800FBF9B8 /* Base */ = {isa = PBXFileReference; lastKnownFileType = file.storyboard; name = Base; path = Base.lproj/Main.storyboard; sourceTree = "<group>"; };
		5A2048A91D2E2CB800FBF9B8 /* Assets.xcassets */ = {isa = PBXFileReference; lastKnownFileType = folder.assetcatalog; path = Assets.xcassets; sourceTree = "<group>"; };
		5A2048AC1D2E2CB800FBF9B8 /* Base */ = {isa = PBXFileReference; lastKnownFileType = file.storyboard; name = Base; path = Base.lproj/LaunchScreen.storyboard; sourceTree = "<group>"; };
		5A2048AE1D2E2CB800FBF9B8 /* Info.plist */ = {isa = PBXFileReference; lastKnownFileType = text.plist.xml; path = Info.plist; sourceTree = "<group>"; };
		5A2048B31D2E2CB800FBF9B8 /* RuntimeSimpleTests.xctest */ = {isa = PBXFileReference; explicitFileType = wrapper.cfbundle; includeInIndex = 0; path = RuntimeSimpleTests.xctest; sourceTree = BUILT_PRODUCTS_DIR; };
		5A2048B71D2E2CB800FBF9B8 /* RuntimeSimpleTests.m */ = {isa = PBXFileReference; lastKnownFileType = sourcecode.c.objc; path = RuntimeSimpleTests.m; sourceTree = "<group>"; };
		5A2048B91D2E2CB800FBF9B8 /* Info.plist */ = {isa = PBXFileReference; lastKnownFileType = text.plist.xml; path = Info.plist; sourceTree = "<group>"; };
		5A2048BE1D2E2CB800FBF9B8 /* RuntimeSimpleUITests.xctest */ = {isa = PBXFileReference; explicitFileType = wrapper.cfbundle; includeInIndex = 0; path = RuntimeSimpleUITests.xctest; sourceTree = BUILT_PRODUCTS_DIR; };
		5A2048C21D2E2CB800FBF9B8 /* RuntimeSimpleUITests.m */ = {isa = PBXFileReference; lastKnownFileType = sourcecode.c.objc; path = RuntimeSimpleUITests.m; sourceTree = "<group>"; };
		5A2048C41D2E2CB800FBF9B8 /* Info.plist */ = {isa = PBXFileReference; lastKnownFileType = text.plist.xml; path = Info.plist; sourceTree = "<group>"; };
		5A2048D01D2E2E6800FBF9B8 /* red0.JPG */ = {isa = PBXFileReference; lastKnownFileType = image.jpeg; path = red0.JPG; sourceTree = "<group>"; };
		5A2048D21D2E352100FBF9B8 /* GetPersonController.h */ = {isa = PBXFileReference; fileEncoding = 4; lastKnownFileType = sourcecode.c.h; path = GetPersonController.h; sourceTree = "<group>"; };
		5A2048D31D2E352100FBF9B8 /* GetPersonController.m */ = {isa = PBXFileReference; fileEncoding = 4; lastKnownFileType = sourcecode.c.objc; path = GetPersonController.m; sourceTree = "<group>"; };
		5A2048D51D2E355600FBF9B8 /* runtimeSimple.pch */ = {isa = PBXFileReference; lastKnownFileType = sourcecode.c.h; path = runtimeSimple.pch; sourceTree = "<group>"; };
		5A2048D61D2E366800FBF9B8 /* Person.h */ = {isa = PBXFileReference; fileEncoding = 4; lastKnownFileType = sourcecode.c.h; path = Person.h; sourceTree = "<group>"; };
		5A2048D71D2E366800FBF9B8 /* Person.m */ = {isa = PBXFileReference; fileEncoding = 4; lastKnownFileType = sourcecode.c.objc; path = Person.m; sourceTree = "<group>"; };
		5A2048DC1D2E55CB00FBF9B8 /* MethodController.h */ = {isa = PBXFileReference; fileEncoding = 4; lastKnownFileType = sourcecode.c.h; path = MethodController.h; sourceTree = "<group>"; };
		5A2048DD1D2E55CB00FBF9B8 /* MethodController.m */ = {isa = PBXFileReference; fileEncoding = 4; lastKnownFileType = sourcecode.c.objc; path = MethodController.m; sourceTree = "<group>"; };
		5A2048DF1D2F77BC00FBF9B8 /* Model.h */ = {isa = PBXFileReference; fileEncoding = 4; lastKnownFileType = sourcecode.c.h; path = Model.h; sourceTree = "<group>"; };
		5A2048E01D2F77BC00FBF9B8 /* Model.m */ = {isa = PBXFileReference; fileEncoding = 4; lastKnownFileType = sourcecode.c.objc; path = Model.m; sourceTree = "<group>"; };
		5A2048E21D2F7BD400FBF9B8 /* EcoderViewController.h */ = {isa = PBXFileReference; fileEncoding = 4; lastKnownFileType = sourcecode.c.h; path = EcoderViewController.h; sourceTree = "<group>"; };
		5A2048E31D2F7BD400FBF9B8 /* EcoderViewController.m */ = {isa = PBXFileReference; fileEncoding = 4; lastKnownFileType = sourcecode.c.objc; path = EcoderViewController.m; sourceTree = "<group>"; };
		5A2048E51D2FA17300FBF9B8 /* Tool.h */ = {isa = PBXFileReference; fileEncoding = 4; lastKnownFileType = sourcecode.c.h; path = Tool.h; sourceTree = "<group>"; };
		5A2048E61D2FA17300FBF9B8 /* Tool.m */ = {isa = PBXFileReference; fileEncoding = 4; lastKnownFileType = sourcecode.c.objc; path = Tool.m; sourceTree = "<group>"; };
		5A2048E71D2FA17300FBF9B8 /* UIButton+count.h */ = {isa = PBXFileReference; fileEncoding = 4; lastKnownFileType = sourcecode.c.h; path = "UIButton+count.h"; sourceTree = "<group>"; };
		5A2048E81D2FA17300FBF9B8 /* UIButton+count.m */ = {isa = PBXFileReference; fileEncoding = 4; lastKnownFileType = sourcecode.c.objc; path = "UIButton+count.m"; sourceTree = "<group>"; };
		5A2048EB1D2FA18D00FBF9B8 /* ButtonCountViewController.h */ = {isa = PBXFileReference; fileEncoding = 4; lastKnownFileType = sourcecode.c.h; path = ButtonCountViewController.h; sourceTree = "<group>"; };
		5A2048EC1D2FA18D00FBF9B8 /* ButtonCountViewController.m */ = {isa = PBXFileReference; fileEncoding = 4; lastKnownFileType = sourcecode.c.objc; path = ButtonCountViewController.m; sourceTree = "<group>"; };
		5A2048EE1D332DAF00FBF9B8 /* UIButton+LP.h */ = {isa = PBXFileReference; fileEncoding = 4; lastKnownFileType = sourcecode.c.h; path = "UIButton+LP.h"; sourceTree = "<group>"; };
		5A2048EF1D332DAF00FBF9B8 /* UIButton+LP.m */ = {isa = PBXFileReference; fileEncoding = 4; lastKnownFileType = sourcecode.c.objc; path = "UIButton+LP.m"; sourceTree = "<group>"; };
/* End PBXFileReference section */

/* Begin PBXFrameworksBuildPhase section */
		5A2048971D2E2CB800FBF9B8 /* Frameworks */ = {
			isa = PBXFrameworksBuildPhase;
			buildActionMask = 2147483647;
			files = (
			);
			runOnlyForDeploymentPostprocessing = 0;
		};
		5A2048B01D2E2CB800FBF9B8 /* Frameworks */ = {
			isa = PBXFrameworksBuildPhase;
			buildActionMask = 2147483647;
			files = (
			);
			runOnlyForDeploymentPostprocessing = 0;
		};
		5A2048BB1D2E2CB800FBF9B8 /* Frameworks */ = {
			isa = PBXFrameworksBuildPhase;
			buildActionMask = 2147483647;
			files = (
			);
			runOnlyForDeploymentPostprocessing = 0;
		};
/* End PBXFrameworksBuildPhase section */

/* Begin PBXGroup section */
		5A2048911D2E2CB800FBF9B8 = {
			isa = PBXGroup;
			children = (
				5A20489C1D2E2CB800FBF9B8 /* RuntimeSimple */,
				5A2048B61D2E2CB800FBF9B8 /* RuntimeSimpleTests */,
				5A2048C11D2E2CB800FBF9B8 /* RuntimeSimpleUITests */,
				5A20489B1D2E2CB800FBF9B8 /* Products */,
			);
			sourceTree = "<group>";
		};
		5A20489B1D2E2CB800FBF9B8 /* Products */ = {
			isa = PBXGroup;
			children = (
				5A20489A1D2E2CB800FBF9B8 /* RuntimeSimple.app */,
				5A2048B31D2E2CB800FBF9B8 /* RuntimeSimpleTests.xctest */,
				5A2048BE1D2E2CB800FBF9B8 /* RuntimeSimpleUITests.xctest */,
			);
			name = Products;
			sourceTree = "<group>";
		};
		5A20489C1D2E2CB800FBF9B8 /* RuntimeSimple */ = {
			isa = PBXGroup;
			children = (
				5A2048D01D2E2E6800FBF9B8 /* red0.JPG */,
				5A2048A01D2E2CB800FBF9B8 /* AppDelegate.h */,
				5A2048A11D2E2CB800FBF9B8 /* AppDelegate.m */,
				5A2048A31D2E2CB800FBF9B8 /* ViewController.h */,
				5A2048A41D2E2CB800FBF9B8 /* ViewController.m */,
				5A2048D21D2E352100FBF9B8 /* GetPersonController.h */,
				5A2048D31D2E352100FBF9B8 /* GetPersonController.m */,
				5A2048DC1D2E55CB00FBF9B8 /* MethodController.h */,
				5A2048DD1D2E55CB00FBF9B8 /* MethodController.m */,
				5A2048E21D2F7BD400FBF9B8 /* EcoderViewController.h */,
				5A2048E31D2F7BD400FBF9B8 /* EcoderViewController.m */,
				5A2048EB1D2FA18D00FBF9B8 /* ButtonCountViewController.h */,
				5A2048EC1D2FA18D00FBF9B8 /* ButtonCountViewController.m */,
				5A2048D61D2E366800FBF9B8 /* Person.h */,
				5A2048D71D2E366800FBF9B8 /* Person.m */,
				5A2048DF1D2F77BC00FBF9B8 /* Model.h */,
				5A2048E01D2F77BC00FBF9B8 /* Model.m */,
				5A2048E51D2FA17300FBF9B8 /* Tool.h */,
				5A2048E61D2FA17300FBF9B8 /* Tool.m */,
				5A2048E71D2FA17300FBF9B8 /* UIButton+count.h */,
				5A2048E81D2FA17300FBF9B8 /* UIButton+count.m */,
				5A2048EE1D332DAF00FBF9B8 /* UIButton+LP.h */,
				5A2048EF1D332DAF00FBF9B8 /* UIButton+LP.m */,
				5A2048A61D2E2CB800FBF9B8 /* Main.storyboard */,
				5A2048A91D2E2CB800FBF9B8 /* Assets.xcassets */,
				5A2048AB1D2E2CB800FBF9B8 /* LaunchScreen.storyboard */,
				5A2048AE1D2E2CB800FBF9B8 /* Info.plist */,
				5A20489D1D2E2CB800FBF9B8 /* Supporting Files */,
			);
			path = RuntimeSimple;
			sourceTree = "<group>";
		};
		5A20489D1D2E2CB800FBF9B8 /* Supporting Files */ = {
			isa = PBXGroup;
			children = (
				5A20489E1D2E2CB800FBF9B8 /* main.m */,
				5A2048D51D2E355600FBF9B8 /* runtimeSimple.pch */,
			);
			name = "Supporting Files";
			sourceTree = "<group>";
		};
		5A2048B61D2E2CB800FBF9B8 /* RuntimeSimpleTests */ = {
			isa = PBXGroup;
			children = (
				5A2048B71D2E2CB800FBF9B8 /* RuntimeSimpleTests.m */,
				5A2048B91D2E2CB800FBF9B8 /* Info.plist */,
			);
			path = RuntimeSimpleTests;
			sourceTree = "<group>";
		};
		5A2048C11D2E2CB800FBF9B8 /* RuntimeSimpleUITests */ = {
			isa = PBXGroup;
			children = (
				5A2048C21D2E2CB800FBF9B8 /* RuntimeSimpleUITests.m */,
				5A2048C41D2E2CB800FBF9B8 /* Info.plist */,
			);
			path = RuntimeSimpleUITests;
			sourceTree = "<group>";
		};
/* End PBXGroup section */

/* Begin PBXNativeTarget section */
		5A2048991D2E2CB800FBF9B8 /* RuntimeSimple */ = {
			isa = PBXNativeTarget;
			buildConfigurationList = 5A2048C71D2E2CB800FBF9B8 /* Build configuration list for PBXNativeTarget "RuntimeSimple" */;
			buildPhases = (
				5A2048961D2E2CB800FBF9B8 /* Sources */,
				5A2048971D2E2CB800FBF9B8 /* Frameworks */,
				5A2048981D2E2CB800FBF9B8 /* Resources */,
			);
			buildRules = (
			);
			dependencies = (
			);
			name = RuntimeSimple;
			productName = RuntimeSimple;
			productReference = 5A20489A1D2E2CB800FBF9B8 /* RuntimeSimple.app */;
			productType = "com.apple.product-type.application";
		};
		5A2048B21D2E2CB800FBF9B8 /* RuntimeSimpleTests */ = {
			isa = PBXNativeTarget;
			buildConfigurationList = 5A2048CA1D2E2CB800FBF9B8 /* Build configuration list for PBXNativeTarget "RuntimeSimpleTests" */;
			buildPhases = (
				5A2048AF1D2E2CB800FBF9B8 /* Sources */,
				5A2048B01D2E2CB800FBF9B8 /* Frameworks */,
				5A2048B11D2E2CB800FBF9B8 /* Resources */,
			);
			buildRules = (
			);
			dependencies = (
				5A2048B51D2E2CB800FBF9B8 /* PBXTargetDependency */,
			);
			name = RuntimeSimpleTests;
			productName = RuntimeSimpleTests;
			productReference = 5A2048B31D2E2CB800FBF9B8 /* RuntimeSimpleTests.xctest */;
			productType = "com.apple.product-type.bundle.unit-test";
		};
		5A2048BD1D2E2CB800FBF9B8 /* RuntimeSimpleUITests */ = {
			isa = PBXNativeTarget;
			buildConfigurationList = 5A2048CD1D2E2CB800FBF9B8 /* Build configuration list for PBXNativeTarget "RuntimeSimpleUITests" */;
			buildPhases = (
				5A2048BA1D2E2CB800FBF9B8 /* Sources */,
				5A2048BB1D2E2CB800FBF9B8 /* Frameworks */,
				5A2048BC1D2E2CB800FBF9B8 /* Resources */,
			);
			buildRules = (
			);
			dependencies = (
				5A2048C01D2E2CB800FBF9B8 /* PBXTargetDependency */,
			);
			name = RuntimeSimpleUITests;
			productName = RuntimeSimpleUITests;
			productReference = 5A2048BE1D2E2CB800FBF9B8 /* RuntimeSimpleUITests.xctest */;
			productType = "com.apple.product-type.bundle.ui-testing";
		};
/* End PBXNativeTarget section */

/* Begin PBXProject section */
		5A2048921D2E2CB800FBF9B8 /* Project object */ = {
			isa = PBXProject;
			attributes = {
				LastUpgradeCheck = 0730;
				ORGANIZATIONNAME = Liu;
				TargetAttributes = {
					5A2048991D2E2CB800FBF9B8 = {
						CreatedOnToolsVersion = 7.3.1;
					};
					5A2048B21D2E2CB800FBF9B8 = {
						CreatedOnToolsVersion = 7.3.1;
						TestTargetID = 5A2048991D2E2CB800FBF9B8;
					};
					5A2048BD1D2E2CB800FBF9B8 = {
						CreatedOnToolsVersion = 7.3.1;
						TestTargetID = 5A2048991D2E2CB800FBF9B8;
					};
				};
			};
			buildConfigurationList = 5A2048951D2E2CB800FBF9B8 /* Build configuration list for PBXProject "RuntimeSimple" */;
			compatibilityVersion = "Xcode 3.2";
			developmentRegion = English;
			hasScannedForEncodings = 0;
			knownRegions = (
				en,
				Base,
			);
			mainGroup = 5A2048911D2E2CB800FBF9B8;
			productRefGroup = 5A20489B1D2E2CB800FBF9B8 /* Products */;
			projectDirPath = "";
			projectRoot = "";
			targets = (
				5A2048991D2E2CB800FBF9B8 /* RuntimeSimple */,
				5A2048B21D2E2CB800FBF9B8 /* RuntimeSimpleTests */,
				5A2048BD1D2E2CB800FBF9B8 /* RuntimeSimpleUITests */,
			);
		};
/* End PBXProject section */

/* Begin PBXResourcesBuildPhase section */
		5A2048981D2E2CB800FBF9B8 /* Resources */ = {
			isa = PBXResourcesBuildPhase;
			buildActionMask = 2147483647;
			files = (
				5A2048AD1D2E2CB800FBF9B8 /* LaunchScreen.storyboard in Resources */,
				5A2048AA1D2E2CB800FBF9B8 /* Assets.xcassets in Resources */,
				5A2048D11D2E2E6800FBF9B8 /* red0.JPG in Resources */,
				5A2048A81D2E2CB800FBF9B8 /* Main.storyboard in Resources */,
			);
			runOnlyForDeploymentPostprocessing = 0;
		};
		5A2048B11D2E2CB800FBF9B8 /* Resources */ = {
			isa = PBXResourcesBuildPhase;
			buildActionMask = 2147483647;
			files = (
			);
			runOnlyForDeploymentPostprocessing = 0;
		};
		5A2048BC1D2E2CB800FBF9B8 /* Resources */ = {
			isa = PBXResourcesBuildPhase;
			buildActionMask = 2147483647;
			files = (
			);
			runOnlyForDeploymentPostprocessing = 0;
		};
/* End PBXResourcesBuildPhase section */

/* Begin PBXSourcesBuildPhase section */
		5A2048961D2E2CB800FBF9B8 /* Sources */ = {
			isa = PBXSourcesBuildPhase;
			buildActionMask = 2147483647;
			files = (
				5A2048A51D2E2CB800FBF9B8 /* ViewController.m in Sources */,
				5A2048F01D332DAF00FBF9B8 /* UIButton+LP.m in Sources */,
				5A2048ED1D2FA18D00FBF9B8 /* ButtonCountViewController.m in Sources */,
				5A2048A21D2E2CB800FBF9B8 /* AppDelegate.m in Sources */,
				5A2048E41D2F7BD400FBF9B8 /* EcoderViewController.m in Sources */,
				5A2048EA1D2FA17300FBF9B8 /* UIButton+count.m in Sources */,
				5A2048DE1D2E55CB00FBF9B8 /* MethodController.m in Sources */,
				5A2048D81D2E366800FBF9B8 /* Person.m in Sources */,
				5A2048E11D2F77BC00FBF9B8 /* Model.m in Sources */,
				5A2048E91D2FA17300FBF9B8 /* Tool.m in Sources */,
				5A20489F1D2E2CB800FBF9B8 /* main.m in Sources */,
				5A2048D41D2E352100FBF9B8 /* GetPersonController.m in Sources */,
			);
			runOnlyForDeploymentPostprocessing = 0;
		};
		5A2048AF1D2E2CB800FBF9B8 /* Sources */ = {
			isa = PBXSourcesBuildPhase;
			buildActionMask = 2147483647;
			files = (
				5A2048B81D2E2CB800FBF9B8 /* RuntimeSimpleTests.m in Sources */,
			);
			runOnlyForDeploymentPostprocessing = 0;
		};
		5A2048BA1D2E2CB800FBF9B8 /* Sources */ = {
			isa = PBXSourcesBuildPhase;
			buildActionMask = 2147483647;
			files = (
				5A2048C31D2E2CB800FBF9B8 /* RuntimeSimpleUITests.m in Sources */,
			);
			runOnlyForDeploymentPostprocessing = 0;
		};
/* End PBXSourcesBuildPhase section */

/* Begin PBXTargetDependency section */
		5A2048B51D2E2CB800FBF9B8 /* PBXTargetDependency */ = {
			isa = PBXTargetDependency;
			target = 5A2048991D2E2CB800FBF9B8 /* RuntimeSimple */;
			targetProxy = 5A2048B41D2E2CB800FBF9B8 /* PBXContainerItemProxy */;
		};
		5A2048C01D2E2CB800FBF9B8 /* PBXTargetDependency */ = {
			isa = PBXTargetDependency;
			target = 5A2048991D2E2CB800FBF9B8 /* RuntimeSimple */;
			targetProxy = 5A2048BF1D2E2CB800FBF9B8 /* PBXContainerItemProxy */;
		};
/* End PBXTargetDependency section */

/* Begin PBXVariantGroup section */
		5A2048A61D2E2CB800FBF9B8 /* Main.storyboard */ = {
			isa = PBXVariantGroup;
			children = (
				5A2048A71D2E2CB800FBF9B8 /* Base */,
			);
			name = Main.storyboard;
			sourceTree = "<group>";
		};
		5A2048AB1D2E2CB800FBF9B8 /* LaunchScreen.storyboard */ = {
			isa = PBXVariantGroup;
			children = (
				5A2048AC1D2E2CB800FBF9B8 /* Base */,
			);
			name = LaunchScreen.storyboard;
			sourceTree = "<group>";
		};
/* End PBXVariantGroup section */

/* Begin XCBuildConfiguration section */
		5A2048C51D2E2CB800FBF9B8 /* Debug */ = {
			isa = XCBuildConfiguration;
			buildSettings = {
				ALWAYS_SEARCH_USER_PATHS = NO;
				CLANG_ANALYZER_NONNULL = YES;
				CLANG_CXX_LANGUAGE_STANDARD = "gnu++0x";
				CLANG_CXX_LIBRARY = "libc++";
				CLANG_ENABLE_MODULES = YES;
				CLANG_ENABLE_OBJC_ARC = YES;
				CLANG_WARN_BOOL_CONVERSION = YES;
				CLANG_WARN_CONSTANT_CONVERSION = YES;
				CLANG_WARN_DIRECT_OBJC_ISA_USAGE = YES_ERROR;
				CLANG_WARN_EMPTY_BODY = YES;
				CLANG_WARN_ENUM_CONVERSION = YES;
				CLANG_WARN_INT_CONVERSION = YES;
				CLANG_WARN_OBJC_ROOT_CLASS = YES_ERROR;
				CLANG_WARN_UNREACHABLE_CODE = YES;
				CLANG_WARN__DUPLICATE_METHOD_MATCH = YES;
				"CODE_SIGN_IDENTITY[sdk=iphoneos*]" = "iPhone Developer";
				COPY_PHASE_STRIP = NO;
				DEBUG_INFORMATION_FORMAT = dwarf;
				ENABLE_STRICT_OBJC_MSGSEND = YES;
				ENABLE_TESTABILITY = YES;
				GCC_C_LANGUAGE_STANDARD = gnu99;
				GCC_DYNAMIC_NO_PIC = NO;
				GCC_NO_COMMON_BLOCKS = YES;
				GCC_OPTIMIZATION_LEVEL = 0;
				GCC_PREPROCESSOR_DEFINITIONS = (
					"DEBUG=1",
					"$(inherited)",
				);
				GCC_WARN_64_TO_32_BIT_CONVERSION = YES;
				GCC_WARN_ABOUT_RETURN_TYPE = YES_ERROR;
				GCC_WARN_UNDECLARED_SELECTOR = YES;
				GCC_WARN_UNINITIALIZED_AUTOS = YES_AGGRESSIVE;
				GCC_WARN_UNUSED_FUNCTION = YES;
				GCC_WARN_UNUSED_VARIABLE = YES;
				IPHONEOS_DEPLOYMENT_TARGET = 9.3;
				MTL_ENABLE_DEBUG_INFO = YES;
				ONLY_ACTIVE_ARCH = YES;
				SDKROOT = iphoneos;
				TARGETED_DEVICE_FAMILY = "1,2";
			};
			name = Debug;
		};
		5A2048C61D2E2CB800FBF9B8 /* Release */ = {
			isa = XCBuildConfiguration;
			buildSettings = {
				ALWAYS_SEARCH_USER_PATHS = NO;
				CLANG_ANALYZER_NONNULL = YES;
				CLANG_CXX_LANGUAGE_STANDARD = "gnu++0x";
				CLANG_CXX_LIBRARY = "libc++";
				CLANG_ENABLE_MODULES = YES;
				CLANG_ENABLE_OBJC_ARC = YES;
				CLANG_WARN_BOOL_CONVERSION = YES;
				CLANG_WARN_CONSTANT_CONVERSION = YES;
				CLANG_WARN_DIRECT_OBJC_ISA_USAGE = YES_ERROR;
				CLANG_WARN_EMPTY_BODY = YES;
				CLANG_WARN_ENUM_CONVERSION = YES;
				CLANG_WARN_INT_CONVERSION = YES;
				CLANG_WARN_OBJC_ROOT_CLASS = YES_ERROR;
				CLANG_WARN_UNREACHABLE_CODE = YES;
				CLANG_WARN__DUPLICATE_METHOD_MATCH = YES;
				"CODE_SIGN_IDENTITY[sdk=iphoneos*]" = "iPhone Developer";
				COPY_PHASE_STRIP = NO;
				DEBUG_INFORMATION_FORMAT = "dwarf-with-dsym";
				ENABLE_NS_ASSERTIONS = NO;
				ENABLE_STRICT_OBJC_MSGSEND = YES;
				GCC_C_LANGUAGE_STANDARD = gnu99;
				GCC_NO_COMMON_BLOCKS = YES;
				GCC_WARN_64_TO_32_BIT_CONVERSION = YES;
				GCC_WARN_ABOUT_RETURN_TYPE = YES_ERROR;
				GCC_WARN_UNDECLARED_SELECTOR = YES;
				GCC_WARN_UNINITIALIZED_AUTOS = YES_AGGRESSIVE;
				GCC_WARN_UNUSED_FUNCTION = YES;
				GCC_WARN_UNUSED_VARIABLE = YES;
				IPHONEOS_DEPLOYMENT_TARGET = 9.3;
				MTL_ENABLE_DEBUG_INFO = NO;
				SDKROOT = iphoneos;
				TARGETED_DEVICE_FAMILY = "1,2";
				VALIDATE_PRODUCT = YES;
			};
			name = Release;
		};
		5A2048C81D2E2CB800FBF9B8 /* Debug */ = {
			isa = XCBuildConfiguration;
			buildSettings = {
				ASSETCATALOG_COMPILER_APPICON_NAME = AppIcon;
				GCC_PREFIX_HEADER = "$(SRCROOT)/RuntimeSimple/runtimeSimple.pch";
				INFOPLIST_FILE = RuntimeSimple/Info.plist;
				LD_RUNPATH_SEARCH_PATHS = "$(inherited) @executable_path/Frameworks";
				PRODUCT_BUNDLE_IDENTIFIER = liuyimin.RuntimeSimple;
				PRODUCT_NAME = "$(TARGET_NAME)";
			};
			name = Debug;
		};
		5A2048C91D2E2CB800FBF9B8 /* Release */ = {
			isa = XCBuildConfiguration;
			buildSettings = {
				ASSETCATALOG_COMPILER_APPICON_NAME = AppIcon;
				GCC_PREFIX_HEADER = "$(SRCROOT)/RuntimeSimple/runtimeSimple.pch";
				INFOPLIST_FILE = RuntimeSimple/Info.plist;
				LD_RUNPATH_SEARCH_PATHS = "$(inherited) @executable_path/Frameworks";
				PRODUCT_BUNDLE_IDENTIFIER = liuyimin.RuntimeSimple;
				PRODUCT_NAME = "$(TARGET_NAME)";
			};
			name = Release;
		};
		5A2048CB1D2E2CB800FBF9B8 /* Debug */ = {
			isa = XCBuildConfiguration;
			buildSettings = {
				BUNDLE_LOADER = "$(TEST_HOST)";
				INFOPLIST_FILE = RuntimeSimpleTests/Info.plist;
				LD_RUNPATH_SEARCH_PATHS = "$(inherited) @executable_path/Frameworks @loader_path/Frameworks";
				PRODUCT_BUNDLE_IDENTIFIER = liuyimin.RuntimeSimpleTests;
				PRODUCT_NAME = "$(TARGET_NAME)";
				TEST_HOST = "$(BUILT_PRODUCTS_DIR)/RuntimeSimple.app/RuntimeSimple";
			};
			name = Debug;
		};
		5A2048CC1D2E2CB800FBF9B8 /* Release */ = {
			isa = XCBuildConfiguration;
			buildSettings = {
				BUNDLE_LOADER = "$(TEST_HOST)";
				INFOPLIST_FILE = RuntimeSimpleTests/Info.plist;
				LD_RUNPATH_SEARCH_PATHS = "$(inherited) @executable_path/Frameworks @loader_path/Frameworks";
				PRODUCT_BUNDLE_IDENTIFIER = liuyimin.RuntimeSimpleTests;
				PRODUCT_NAME = "$(TARGET_NAME)";
				TEST_HOST = "$(BUILT_PRODUCTS_DIR)/RuntimeSimple.app/RuntimeSimple";
			};
			name = Release;
		};
		5A2048CE1D2E2CB800FBF9B8 /* Debug */ = {
			isa = XCBuildConfiguration;
			buildSettings = {
				INFOPLIST_FILE = RuntimeSimpleUITests/Info.plist;
				LD_RUNPATH_SEARCH_PATHS = "$(inherited) @executable_path/Frameworks @loader_path/Frameworks";
				PRODUCT_BUNDLE_IDENTIFIER = liuyimin.RuntimeSimpleUITests;
				PRODUCT_NAME = "$(TARGET_NAME)";
				TEST_TARGET_NAME = RuntimeSimple;
			};
			name = Debug;
		};
		5A2048CF1D2E2CB800FBF9B8 /* Release */ = {
			isa = XCBuildConfiguration;
			buildSettings = {
				INFOPLIST_FILE = RuntimeSimpleUITests/Info.plist;
				LD_RUNPATH_SEARCH_PATHS = "$(inherited) @executable_path/Frameworks @loader_path/Frameworks";
				PRODUCT_BUNDLE_IDENTIFIER = liuyimin.RuntimeSimpleUITests;
				PRODUCT_NAME = "$(TARGET_NAME)";
				TEST_TARGET_NAME = RuntimeSimple;
			};
			name = Release;
		};
/* End XCBuildConfiguration section */

/* Begin XCConfigurationList section */
		5A2048951D2E2CB800FBF9B8 /* Build configuration list for PBXProject "RuntimeSimple" */ = {
			isa = XCConfigurationList;
			buildConfigurations = (
				5A2048C51D2E2CB800FBF9B8 /* Debug */,
				5A2048C61D2E2CB800FBF9B8 /* Release */,
			);
			defaultConfigurationIsVisible = 0;
			defaultConfigurationName = Release;
		};
		5A2048C71D2E2CB800FBF9B8 /* Build configuration list for PBXNativeTarget "RuntimeSimple" */ = {
			isa = XCConfigurationList;
			buildConfigurations = (
				5A2048C81D2E2CB800FBF9B8 /* Debug */,
				5A2048C91D2E2CB800FBF9B8 /* Release */,
			);
			defaultConfigurationIsVisible = 0;
		};
		5A2048CA1D2E2CB800FBF9B8 /* Build configuration list for PBXNativeTarget "RuntimeSimpleTests" */ = {
			isa = XCConfigurationList;
			buildConfigurations = (
				5A2048CB1D2E2CB800FBF9B8 /* Debug */,
				5A2048CC1D2E2CB800FBF9B8 /* Release */,
			);
			defaultConfigurationIsVisible = 0;
		};
		5A2048CD1D2E2CB800FBF9B8 /* Build configuration list for PBXNativeTarget "RuntimeSimpleUITests" */ = {
			isa = XCConfigurationList;
			buildConfigurations = (
				5A2048CE1D2E2CB800FBF9B8 /* Debug */,
				5A2048CF1D2E2CB800FBF9B8 /* Release */,
			);
			defaultConfigurationIsVisible = 0;
		};
/* End XCConfigurationList section */
	};
	rootObject = 5A2048921D2E2CB800FBF9B8 /* Project object */;
}
